
Microsoft Visual Studio Solution File, Format Version 12.00
# Visual Studio 14
VisualStudioVersion = 14.0.25420.1
MinimumVisualStudioVersion = 10.0.40219.1
Project("{FAE04EC0-301F-11D3-BF4B-00C04F79EFBC}") = "2011113756-CON", "2011113756-CON\2011113756-CON.csproj", "{AB32A8EE-60C9-4F78-A165-DF02B943638C}"
EndProject
Project("{FAE04EC0-301F-11D3-BF4B-00C04F79EFBC}") = "2011113756-ENT", "2011113756-ENT\2011113756-ENT.csproj", "{76BD900D-4BEF-447B-8857-E315392C180F}"
EndProject
Project("{FAE04EC0-301F-11D3-BF4B-00C04F79EFBC}") = "2011113756-PER", "2011113756-PER\2011113756-PER.csproj", "{909FD5FC-09FD-461D-B78D-C2DC546602F8}"
EndProject
Global
	GlobalSection(SolutionConfigurationPlatforms) = preSolution
		Debug|Any CPU = Debug|Any CPU
		Release|Any CPU = Release|Any CPU
	EndGlobalSection
	GlobalSection(ProjectConfigurationPlatforms) = postSolution
		{AB32A8EE-60C9-4F78-A165-DF02B943638C}.Debug|Any CPU.ActiveCfg = Debug|Any CPU
		{AB32A8EE-60C9-4F78-A165-DF02B943638C}.Debug|Any CPU.Build.0 = Debug|Any CPU
		{AB32A8EE-60C9-4F78-A165-DF02B943638C}.Release|Any CPU.ActiveCfg = Release|Any CPU
		{AB32A8EE-60C9-4F78-A165-DF02B943638C}.Release|Any CPU.Build.0 = Release|Any CPU
		{76BD900D-4BEF-447B-8857-E315392C180F}.Debug|Any CPU.ActiveCfg = Debug|Any CPU
		{76BD900D-4BEF-447B-8857-E315392C180F}.Debug|Any CPU.Build.0 = Debug|Any CPU
		{76BD900D-4BEF-447B-8857-E315392C180F}.Release|Any CPU.ActiveCfg = Release|Any CPU
		{76BD900D-4BEF-447B-8857-E315392C180F}.Release|Any CPU.Build.0 = Release|Any CPU
		{909FD5FC-09FD-461D-B78D-C2DC546602F8}.Debug|Any CPU.ActiveCfg = Debug|Any CPU
		{909FD5FC-09FD-461D-B78D-C2DC546602F8}.Debug|Any CPU.Build.0 = Debug|Any CPU
		{909FD5FC-09FD-461D-B78D-C2DC546602F8}.Release|Any CPU.ActiveCfg = Release|Any CPU
		{909FD5FC-09FD-461D-B78D-C2DC546602F8}.Release|Any CPU.Build.0 = Release|Any CPU
	EndGlobalSection
	GlobalSection(SolutionProperties) = preSolution
		HideSolutionNode = FALSE
	EndGlobalSection
EndGlobal
